
Microsoft Visual Studio Solution File, Format Version 12.00
# Visual Studio 15
VisualStudioVersion = 15.0.28307.902
MinimumVisualStudioVersion = 10.0.40219.1
Project("{FAE04EC0-301F-11D3-BF4B-00C04F79EFBC}") = "LockStepServer", "LockStepServer\LockStepServer.csproj", "{BC8BBF35-DF1C-4F17-88C2-408337360563}"
EndProject
Global
	GlobalSection(SolutionConfigurationPlatforms) = preSolution
		Debug|Any CPU = Debug|Any CPU
		Release|Any CPU = Release|Any CPU
	EndGlobalSection
	GlobalSection(ProjectConfigurationPlatforms) = postSolution
		{BC8BBF35-DF1C-4F17-88C2-408337360563}.Debug|Any CPU.ActiveCfg = Debug|Any CPU
		{BC8BBF35-DF1C-4F17-88C2-408337360563}.Debug|Any CPU.Build.0 = Debug|Any CPU
		{BC8BBF35-DF1C-4F17-88C2-408337360563}.Release|Any CPU.ActiveCfg = Release|Any CPU
		{BC8BBF35-DF1C-4F17-88C2-408337360563}.Release|Any CPU.Build.0 = Release|Any CPU
	EndGlobalSection
	GlobalSection(SolutionProperties) = preSolution
		HideSolutionNode = FALSE
	EndGlobalSection
	GlobalSection(ExtensibilityGlobals) = postSolution
		SolutionGuid = {B412D8D1-1C5F-4152-9417-0BD72968C7EC}
	EndGlobalSection
EndGlobal
